lockfileVersion: 5.4

specifiers:
  '@types/ini': ^1.3.31
  '@types/node': ^18.6.2
  ini: ^3.0.0
  typescript: ^4.7.4

dependencies:
  '@types/ini': 1.3.31
  '@types/node': 18.6.2
  ini: 3.0.0
  typescript: 4.7.4

packages:

  /@types/ini/1.3.31:
    resolution: {integrity: sha512-8ecxxaG4AlVEM1k9+BsziMw8UsX0qy3jYI1ad/71RrDZ+rdL6aZB0wLfAuflQiDhkD5o4yJ0uPK3OSUic3fG0w==}
    dev: false

  /@types/node/18.6.2:
    resolution: {integrity: sha512-KcfkBq9H4PI6Vpu5B/KoPeuVDAbmi+2mDBqGPGUgoL7yXQtcWGu2vJWmmRkneWK3Rh0nIAX192Aa87AqKHYChQ==}
    dev: false

  /ini/3.0.0:
    resolution: {integrity: sha512-TxYQaeNW/N8ymDvwAxPyRbhMBtnEwuvaTYpOQkFx1nSeusgezHniEc/l35Vo4iCq/mMiTJbpD7oYxN98hFlfmw==}
    engines: {node: ^12.13.0 || ^14.15.0 || >=16.0.0}
    dev: false

  /typescript/4.7.4:
    resolution: {integrity: sha512-C0WQT0gezHuw6AdY1M2jxUO83Rjf0HP7Sk1DtXj6j1EwkQNZrHAg2XPWlq62oqEhYvONq5pkC2Y9oPljWToLmQ==}
    engines: {node: '>=4.2.0'}
    hasBin: true
    dev: false
